// !$*UTF8*$!
{
	archiveVersion = 1;
	classes = {
	};
	objectVersion = 46;
	objects = {

/* Begin PBXBuildFile section */
		1392772D16881AD6005B80BA /* AppController.mm in Sources */ = {isa = PBXBuildFile; fileRef = 139276EE16881AD6005B80BA /* AppController.mm */; };
		1392772E16881AD6005B80BA /* AppController.mm in Sources */ = {isa = PBXBuildFile; fileRef = 139276EE16881AD6005B80BA /* AppController.mm */; };
		1392772F16881AD6005B80BA /* iPhone_GlesSupport.cpp in Sources */ = {isa = PBXBuildFile; fileRef = 139276F016881AD6005B80BA /* iPhone_GlesSupport.cpp */; };
		1392773016881AD6005B80BA /* iPhone_GlesSupport.cpp in Sources */ = {isa = PBXBuildFile; fileRef = 139276F016881AD6005B80BA /* iPhone_GlesSupport.cpp */; };
		1392773116881AD6005B80BA /* iPhone_OrientationSupport.mm in Sources */ = {isa = PBXBuildFile; fileRef = 139276F316881AD6005B80BA /* iPhone_OrientationSupport.mm */; };
		1392773216881AD6005B80BA /* iPhone_OrientationSupport.mm in Sources */ = {isa = PBXBuildFile; fileRef = 139276F316881AD6005B80BA /* iPhone_OrientationSupport.mm */; };
		1392773316881AD6005B80BA /* iPhone_Profiler.cpp in Sources */ = {isa = PBXBuildFile; fileRef = 139276F416881AD6005B80BA /* iPhone_Profiler.cpp */; };
		1392773416881AD6005B80BA /* iPhone_Profiler.cpp in Sources */ = {isa = PBXBuildFile; fileRef = 139276F416881AD6005B80BA /* iPhone_Profiler.cpp */; };
		1392773516881AD6005B80BA /* iPhone_Sensors.mm in Sources */ = {isa = PBXBuildFile; fileRef = 139276F716881AD6005B80BA /* iPhone_Sensors.mm */; };
		1392773616881AD6005B80BA /* iPhone_Sensors.mm in Sources */ = {isa = PBXBuildFile; fileRef = 139276F716881AD6005B80BA /* iPhone_Sensors.mm */; };
		1392773716881AD6005B80BA /* iPhone_target2AppDelegate.m in Sources */ = {isa = PBXBuildFile; fileRef = 139276F916881AD6005B80BA /* iPhone_target2AppDelegate.m */; };
		1392773816881AD6005B80BA /* iPhone_target2AppDelegate.m in Sources */ = {isa = PBXBuildFile; fileRef = 139276F916881AD6005B80BA /* iPhone_target2AppDelegate.m */; };
		1392773916881AD6005B80BA /* iPhone_View.mm in Sources */ = {isa = PBXBuildFile; fileRef = 139276FC16881AD6005B80BA /* iPhone_View.mm */; };
		1392773A16881AD6005B80BA /* iPhone_View.mm in Sources */ = {isa = PBXBuildFile; fileRef = 139276FC16881AD6005B80BA /* iPhone_View.mm */; };
		1392773D16881AD6005B80BA /* MainWindow.xib in Resources */ = {isa = PBXBuildFile; fileRef = 139276FE16881AD6005B80BA /* MainWindow.xib */; };
		1392773E16881AD6005B80BA /* MainWindow.xib in Resources */ = {isa = PBXBuildFile; fileRef = 139276FE16881AD6005B80BA /* MainWindow.xib */; };
		1392773F16881AD6005B80BA /* RegisterClasses.cpp in Sources */ = {isa = PBXBuildFile; fileRef = 139276FF16881AD6005B80BA /* RegisterClasses.cpp */; };
		1392774016881AD6005B80BA /* RegisterClasses.cpp in Sources */ = {isa = PBXBuildFile; fileRef = 139276FF16881AD6005B80BA /* RegisterClasses.cpp */; };
		1392774116881AD6005B80BA /* ActivityIndicator.mm in Sources */ = {isa = PBXBuildFile; fileRef = 1392770316881AD6005B80BA /* ActivityIndicator.mm */; };
		1392774216881AD6005B80BA /* ActivityIndicator.mm in Sources */ = {isa = PBXBuildFile; fileRef = 1392770316881AD6005B80BA /* ActivityIndicator.mm */; };
		1392774316881AD6005B80BA /* SplashScreen.mm in Sources */ = {isa = PBXBuildFile; fileRef = 1392770516881AD6005B80BA /* SplashScreen.mm */; };
		1392774416881AD6005B80BA /* SplashScreen.mm in Sources */ = {isa = PBXBuildFile; fileRef = 1392770516881AD6005B80BA /* SplashScreen.mm */; };
		1392774516881AD6005B80BA /* VideoViewController.mm in Sources */ = {isa = PBXBuildFile; fileRef = 1392770716881AD6005B80BA /* VideoViewController.mm */; };
		1392774616881AD6005B80BA /* VideoViewController.mm in Sources */ = {isa = PBXBuildFile; fileRef = 1392770716881AD6005B80BA /* VideoViewController.mm */; };
		1392774716881AD6005B80BA /* mainData in Resources */ = {isa = PBXBuildFile; fileRef = 1392770916881AD6005B80BA /* mainData */; };
		1392774816881AD6005B80BA /* mainData in Resources */ = {isa = PBXBuildFile; fileRef = 1392770916881AD6005B80BA /* mainData */; };
		1392774916881AD7005B80BA /* Assembly-CSharp.dll in Resources */ = {isa = PBXBuildFile; fileRef = 1392770B16881AD6005B80BA /* Assembly-CSharp.dll */; };
		1392774A16881AD7005B80BA /* Assembly-CSharp.dll in Resources */ = {isa = PBXBuildFile; fileRef = 1392770B16881AD6005B80BA /* Assembly-CSharp.dll */; };
		1392774B16881AD7005B80BA /* machine.config in Resources */ = {isa = PBXBuildFile; fileRef = 1392770E16881AD6005B80BA /* machine.config */; };
		1392774C16881AD7005B80BA /* machine.config in Resources */ = {isa = PBXBuildFile; fileRef = 1392770E16881AD6005B80BA /* machine.config */; };
		1392774D16881AD7005B80BA /* mscorlib.dll in Resources */ = {isa = PBXBuildFile; fileRef = 1392770F16881AD6005B80BA /* mscorlib.dll */; };
		1392774E16881AD7005B80BA /* mscorlib.dll in Resources */ = {isa = PBXBuildFile; fileRef = 1392770F16881AD6005B80BA /* mscorlib.dll */; };
		1392774F16881AD7005B80BA /* UnityEngine.dll in Resources */ = {isa = PBXBuildFile; fileRef = 1392771016881AD6005B80BA /* UnityEngine.dll */; };
		1392775016881AD7005B80BA /* UnityEngine.dll in Resources */ = {isa = PBXBuildFile; fileRef = 1392771016881AD6005B80BA /* UnityEngine.dll */; };
		1392775116881AD7005B80BA /* PlayerConnectionConfigFile in Resources */ = {isa = PBXBuildFile; fileRef = 1392771116881AD6005B80BA /* PlayerConnectionConfigFile */; };
		1392775216881AD7005B80BA /* PlayerConnectionConfigFile in Resources */ = {isa = PBXBuildFile; fileRef = 1392771116881AD6005B80BA /* PlayerConnectionConfigFile */; };
		1392775316881AD7005B80BA /* sharedassets0.assets in Resources */ = {isa = PBXBuildFile; fileRef = 1392771216881AD6005B80BA /* sharedassets0.assets */; };
		1392775416881AD7005B80BA /* sharedassets0.assets in Resources */ = {isa = PBXBuildFile; fileRef = 1392771216881AD6005B80BA /* sharedassets0.assets */; };
		1392775516881AD7005B80BA /* unity default resources in Resources */ = {isa = PBXBuildFile; fileRef = 1392771316881AD6005B80BA /* unity default resources */; };
		1392775616881AD7005B80BA /* unity default resources in Resources */ = {isa = PBXBuildFile; fileRef = 1392771316881AD6005B80BA /* unity default resources */; };
		1392775716881AD7005B80BA /* Default-568h@2x.png in Resources */ = {isa = PBXBuildFile; fileRef = 1392771416881AD6005B80BA /* Default-568h@2x.png */; };
		1392775816881AD7005B80BA /* Default-568h@2x.png in Resources */ = {isa = PBXBuildFile; fileRef = 1392771416881AD6005B80BA /* Default-568h@2x.png */; };
		1392775916881AD7005B80BA /* Default-Landscape.png in Resources */ = {isa = PBXBuildFile; fileRef = 1392771516881AD6005B80BA /* Default-Landscape.png */; };
		1392775A16881AD7005B80BA /* Default-Landscape.png in Resources */ = {isa = PBXBuildFile; fileRef = 1392771516881AD6005B80BA /* Default-Landscape.png */; };
		1392775B16881AD7005B80BA /* Default-Landscape@2x.png in Resources */ = {isa = PBXBuildFile; fileRef = 1392771616881AD6005B80BA /* Default-Landscape@2x.png */; };
		1392775C16881AD7005B80BA /* Default-Landscape@2x.png in Resources */ = {isa = PBXBuildFile; fileRef = 1392771616881AD6005B80BA /* Default-Landscape@2x.png */; };
		1392775D16881AD7005B80BA /* Default-Portrait.png in Resources */ = {isa = PBXBuildFile; fileRef = 1392771716881AD6005B80BA /* Default-Portrait.png */; };
		1392775E16881AD7005B80BA /* Default-Portrait.png in Resources */ = {isa = PBXBuildFile; fileRef = 1392771716881AD6005B80BA /* Default-Portrait.png */; };
		1392775F16881AD7005B80BA /* Default-Portrait@2x.png in Resources */ = {isa = PBXBuildFile; fileRef = 1392771816881AD6005B80BA /* Default-Portrait@2x.png */; };
		1392776016881AD7005B80BA /* Default-Portrait@2x.png in Resources */ = {isa = PBXBuildFile; fileRef = 1392771816881AD6005B80BA /* Default-Portrait@2x.png */; };
		1392776116881AD7005B80BA /* Default.png in Resources */ = {isa = PBXBuildFile; fileRef = 1392771916881AD6005B80BA /* Default.png */; };
		1392776216881AD7005B80BA /* Default.png in Resources */ = {isa = PBXBuildFile; fileRef = 1392771916881AD6005B80BA /* Default.png */; };
		1392776316881AD7005B80BA /* Default@2x.png in Resources */ = {isa = PBXBuildFile; fileRef = 1392771A16881AD6005B80BA /* Default@2x.png */; };
		1392776416881AD7005B80BA /* Default@2x.png in Resources */ = {isa = PBXBuildFile; fileRef = 1392771A16881AD6005B80BA /* Default@2x.png */; };
		1392776516881AD7005B80BA /* Icon-144.png in Resources */ = {isa = PBXBuildFile; fileRef = 1392771B16881AD6005B80BA /* Icon-144.png */; };
		1392776616881AD7005B80BA /* Icon-144.png in Resources */ = {isa = PBXBuildFile; fileRef = 1392771B16881AD6005B80BA /* Icon-144.png */; };
		1392776716881AD7005B80BA /* Icon-72.png in Resources */ = {isa = PBXBuildFile; fileRef = 1392771C16881AD6005B80BA /* Icon-72.png */; };
		1392776816881AD7005B80BA /* Icon-72.png in Resources */ = {isa = PBXBuildFile; fileRef = 1392771C16881AD6005B80BA /* Icon-72.png */; };
		1392776916881AD7005B80BA /* Icon.png in Resources */ = {isa = PBXBuildFile; fileRef = 1392771D16881AD6005B80BA /* Icon.png */; };
		1392776A16881AD7005B80BA /* Icon.png in Resources */ = {isa = PBXBuildFile; fileRef = 1392771D16881AD6005B80BA /* Icon.png */; };
		1392776B16881AD7005B80BA /* Icon@2x.png in Resources */ = {isa = PBXBuildFile; fileRef = 1392771E16881AD6005B80BA /* Icon@2x.png */; };
		1392776C16881AD7005B80BA /* Icon@2x.png in Resources */ = {isa = PBXBuildFile; fileRef = 1392771E16881AD6005B80BA /* Icon@2x.png */; };
		1392776D16881AD7005B80BA /* Info.plist in Resources */ = {isa = PBXBuildFile; fileRef = 1392771F16881AD6005B80BA /* Info.plist */; };
		1392776E16881AD7005B80BA /* Info.plist in Resources */ = {isa = PBXBuildFile; fileRef = 1392771F16881AD6005B80BA /* Info.plist */; };
		1392776F16881AD7005B80BA /* Assembly-CSharp.dll.s in Sources */ = {isa = PBXBuildFile; fileRef = 1392772116881AD6005B80BA /* Assembly-CSharp.dll.s */; };
		1392777016881AD7005B80BA /* Assembly-CSharp.dll.s in Sources */ = {isa = PBXBuildFile; fileRef = 1392772116881AD6005B80BA /* Assembly-CSharp.dll.s */; };
		1392777116881AD7005B80BA /* libiPhone-lib.a in Frameworks */ = {isa = PBXBuildFile; fileRef = 1392772216881AD6005B80BA /* libiPhone-lib.a */; };
		1392777216881AD7005B80BA /* libiPhone-lib.a in Frameworks */ = {isa = PBXBuildFile; fileRef = 1392772216881AD6005B80BA /* libiPhone-lib.a */; };
		1392777316881AD7005B80BA /* mscorlib.dll.s in Sources */ = {isa = PBXBuildFile; fileRef = 1392772316881AD6005B80BA /* mscorlib.dll.s */; };
		1392777416881AD7005B80BA /* mscorlib.dll.s in Sources */ = {isa = PBXBuildFile; fileRef = 1392772316881AD6005B80BA /* mscorlib.dll.s */; };
		1392777516881AD7005B80BA /* RegisterMonoModules.cpp in Sources */ = {isa = PBXBuildFile; fileRef = 1392772416881AD6005B80BA /* RegisterMonoModules.cpp */; };
		1392777616881AD7005B80BA /* RegisterMonoModules.cpp in Sources */ = {isa = PBXBuildFile; fileRef = 1392772416881AD6005B80BA /* RegisterMonoModules.cpp */; };
		1392777716881AD7005B80BA /* UnityEngine.dll.s in Sources */ = {isa = PBXBuildFile; fileRef = 1392772616881AD6005B80BA /* UnityEngine.dll.s */; };
		1392777816881AD7005B80BA /* UnityEngine.dll.s in Sources */ = {isa = PBXBuildFile; fileRef = 1392772616881AD6005B80BA /* UnityEngine.dll.s */; };
		139277801688C8D3005B80BA /* BaseViewController.m in Sources */ = {isa = PBXBuildFile; fileRef = 1392777E1688C8D3005B80BA /* BaseViewController.m */; };
		139277811688C8D3005B80BA /* BaseViewController.m in Sources */ = {isa = PBXBuildFile; fileRef = 1392777E1688C8D3005B80BA /* BaseViewController.m */; };
		139277821688C8D3005B80BA /* BaseViewController.xib in Resources */ = {isa = PBXBuildFile; fileRef = 1392777F1688C8D3005B80BA /* BaseViewController.xib */; };
		139277831688C8D3005B80BA /* BaseViewController.xib in Resources */ = {isa = PBXBuildFile; fileRef = 1392777F1688C8D3005B80BA /* BaseViewController.xib */; };
		139A520C1685FA1100A4A48E /* SamplePinViewControler.m in Sources */ = {isa = PBXBuildFile; fileRef = 139A520A1685FA1100A4A48E /* SamplePinViewControler.m */; };
		139A520D1685FA1100A4A48E /* SamplePinViewControler.m in Sources */ = {isa = PBXBuildFile; fileRef = 139A520A1685FA1100A4A48E /* SamplePinViewControler.m */; };
		139A520E1685FA1100A4A48E /* SamplePinViewControler.xib in Resources */ = {isa = PBXBuildFile; fileRef = 139A520B1685FA1100A4A48E /* SamplePinViewControler.xib */; };
		139A520F1685FA1100A4A48E /* SamplePinViewControler.xib in Resources */ = {isa = PBXBuildFile; fileRef = 139A520B1685FA1100A4A48E /* SamplePinViewControler.xib */; };
		139EA0E8166C6928001A29F0 /* KSUnityBooter.mm in Sources */ = {isa = PBXBuildFile; fileRef = 139EA0E2166C6928001A29F0 /* KSUnityBooter.mm */; };
		139EA0E9166C6928001A29F0 /* KSUnityBooter.mm in Sources */ = {isa = PBXBuildFile; fileRef = 139EA0E2166C6928001A29F0 /* KSUnityBooter.mm */; };
		139EA0F2166C6961001A29F0 /* SampleTitleViewController.m in Sources */ = {isa = PBXBuildFile; fileRef = 139EA0F0166C6961001A29F0 /* SampleTitleViewController.m */; };
		139EA0F3166C6961001A29F0 /* SampleTitleViewController.m in Sources */ = {isa = PBXBuildFile; fileRef = 139EA0F0166C6961001A29F0 /* SampleTitleViewController.m */; };
		139EA0F4166C6961001A29F0 /* SampleTitleViewController.xib in Resources */ = {isa = PBXBuildFile; fileRef = 139EA0F1166C6961001A29F0 /* SampleTitleViewController.xib */; };
		139EA0F5166C6961001A29F0 /* SampleTitleViewController.xib in Resources */ = {isa = PBXBuildFile; fileRef = 139EA0F1166C6961001A29F0 /* SampleTitleViewController.xib */; };
		139EA21E166C91AC001A29F0 /* MessengerIDGenerator.m in Sources */ = {isa = PBXBuildFile; fileRef = 139EA21B166C91AC001A29F0 /* MessengerIDGenerator.m */; };
		139EA21F166C91AC001A29F0 /* MessengerIDGenerator.m in Sources */ = {isa = PBXBuildFile; fileRef = 139EA21B166C91AC001A29F0 /* MessengerIDGenerator.m */; };
		139EA220166C91AC001A29F0 /* MessengerSystem.m in Sources */ = {isa = PBXBuildFile; fileRef = 139EA21D166C91AC001A29F0 /* MessengerSystem.m */; };
		139EA221166C91AC001A29F0 /* MessengerSystem.m in Sources */ = {isa = PBXBuildFile; fileRef = 139EA21D166C91AC001A29F0 /* MessengerSystem.m */; };
		139EA2E5166C9366001A29F0 /* SystemConfiguration.framework in Frameworks */ = {isa = PBXBuildFile; fileRef = 139EA2D4166C9366001A29F0 /* SystemConfiguration.framework */; };
		139EA2E6166C9366001A29F0 /* SystemConfiguration.framework in Frameworks */ = {isa = PBXBuildFile; fileRef = 139EA2D4166C9366001A29F0 /* SystemConfiguration.framework */; };
		139EA2E7166C9366001A29F0 /* CoreLocation.framework in Frameworks */ = {isa = PBXBuildFile; fileRef = 139EA2D5166C9366001A29F0 /* CoreLocation.framework */; };
		139EA2E8166C9366001A29F0 /* CoreLocation.framework in Frameworks */ = {isa = PBXBuildFile; fileRef = 139EA2D5166C9366001A29F0 /* CoreLocation.framework */; };
		139EA2E9166C9366001A29F0 /* MediaPlayer.framework in Frameworks */ = {isa = PBXBuildFile; fileRef = 139EA2D6166C9366001A29F0 /* MediaPlayer.framework */; };
		139EA2EA166C9366001A29F0 /* MediaPlayer.framework in Frameworks */ = {isa = PBXBuildFile; fileRef = 139EA2D6166C9366001A29F0 /* MediaPlayer.framework */; };
		139EA2EB166C9366001A29F0 /* UIKit.framework in Frameworks */ = {isa = PBXBuildFile; fileRef = 139EA2D7166C9366001A29F0 /* UIKit.framework */; };
		139EA2EC166C9366001A29F0 /* UIKit.framework in Frameworks */ = {isa = PBXBuildFile; fileRef = 139EA2D7166C9366001A29F0 /* UIKit.framework */; };
		139EA2ED166C9366001A29F0 /* OpenGLES.framework in Frameworks */ = {isa = PBXBuildFile; fileRef = 139EA2D8166C9366001A29F0 /* OpenGLES.framework */; };
		139EA2EE166C9366001A29F0 /* OpenGLES.framework in Frameworks */ = {isa = PBXBuildFile; fileRef = 139EA2D8166C9366001A29F0 /* OpenGLES.framework */; };
		139EA2EF166C9366001A29F0 /* QuartzCore.framework in Frameworks */ = {isa = PBXBuildFile; fileRef = 139EA2D9166C9366001A29F0 /* QuartzCore.framework */; };
		139EA2F0166C9366001A29F0 /* QuartzCore.framework in Frameworks */ = {isa = PBXBuildFile; fileRef = 139EA2D9166C9366001A29F0 /* QuartzCore.framework */; };
		139EA2F1166C9366001A29F0 /* OpenAL.framework in Frameworks */ = {isa = PBXBuildFile; fileRef = 139EA2DA166C9366001A29F0 /* OpenAL.framework */; };
		139EA2F2166C9366001A29F0 /* OpenAL.framework in Frameworks */ = {isa = PBXBuildFile; fileRef = 139EA2DA166C9366001A29F0 /* OpenAL.framework */; };
		139EA2F3166C9366001A29F0 /* libiconv.2.dylib in Frameworks */ = {isa = PBXBuildFile; fileRef = 139EA2DB166C9366001A29F0 /* libiconv.2.dylib */; };
		139EA2F4166C9366001A29F0 /* libiconv.2.dylib in Frameworks */ = {isa = PBXBuildFile; fileRef = 139EA2DB166C9366001A29F0 /* libiconv.2.dylib */; };
		139EA2F5166C9366001A29F0 /* CFNetwork.framework in Frameworks */ = {isa = PBXBuildFile; fileRef = 139EA2DC166C9366001A29F0 /* CFNetwork.framework */; };
		139EA2F6166C9366001A29F0 /* CFNetwork.framework in Frameworks */ = {isa = PBXBuildFile; fileRef = 139EA2DC166C9366001A29F0 /* CFNetwork.framework */; };
		139EA2F7166C9366001A29F0 /* AudioToolbox.framework in Frameworks */ = {isa = PBXBuildFile; fileRef = 139EA2DD166C9366001A29F0 /* AudioToolbox.framework */; };
		139EA2F8166C9366001A29F0 /* AudioToolbox.framework in Frameworks */ = {isa = PBXBuildFile; fileRef = 139EA2DD166C9366001A29F0 /* AudioToolbox.framework */; };
		139EA2F9166C9366001A29F0 /* iAd.framework in Frameworks */ = {isa = PBXBuildFile; fileRef = 139EA2DE166C9366001A29F0 /* iAd.framework */; };
		139EA2FA166C9366001A29F0 /* iAd.framework in Frameworks */ = {isa = PBXBuildFile; fileRef = 139EA2DE166C9366001A29F0 /* iAd.framework */; };
		139EA2FB166C9366001A29F0 /* CoreMedia.framework in Frameworks */ = {isa = PBXBuildFile; fileRef = 139EA2DF166C9366001A29F0 /* CoreMedia.framework */; };
		139EA2FC166C9366001A29F0 /* CoreMedia.framework in Frameworks */ = {isa = PBXBuildFile; fileRef = 139EA2DF166C9366001A29F0 /* CoreMedia.framework */; };
		139EA2FD166C9366001A29F0 /* CoreVideo.framework in Frameworks */ = {isa = PBXBuildFile; fileRef = 139EA2E0166C9366001A29F0 /* CoreVideo.framework */; };
		139EA2FE166C9366001A29F0 /* CoreVideo.framework in Frameworks */ = {isa = PBXBuildFile; fileRef = 139EA2E0166C9366001A29F0 /* CoreVideo.framework */; };
		139EA2FF166C9366001A29F0 /* AVFoundation.framework in Frameworks */ = {isa = PBXBuildFile; fileRef = 139EA2E1166C9366001A29F0 /* AVFoundation.framework */; };
		139EA300166C9366001A29F0 /* AVFoundation.framework in Frameworks */ = {isa = PBXBuildFile; fileRef = 139EA2E1166C9366001A29F0 /* AVFoundation.framework */; };
		139EA301166C9366001A29F0 /* CoreGraphics.framework in Frameworks */ = {isa = PBXBuildFile; fileRef = 139EA2E2166C9366001A29F0 /* CoreGraphics.framework */; };
		139EA302166C9366001A29F0 /* CoreGraphics.framework in Frameworks */ = {isa = PBXBuildFile; fileRef = 139EA2E2166C9366001A29F0 /* CoreGraphics.framework */; };
		139EA303166C9366001A29F0 /* CoreMotion.framework in Frameworks */ = {isa = PBXBuildFile; fileRef = 139EA2E3166C9366001A29F0 /* CoreMotion.framework */; };
		139EA304166C9366001A29F0 /* CoreMotion.framework in Frameworks */ = {isa = PBXBuildFile; fileRef = 139EA2E3166C9366001A29F0 /* CoreMotion.framework */; };
		139EA305166C9366001A29F0 /* GameKit.framework in Frameworks */ = {isa = PBXBuildFile; fileRef = 139EA2E4166C9366001A29F0 /* GameKit.framework */; };
		139EA306166C9366001A29F0 /* GameKit.framework in Frameworks */ = {isa = PBXBuildFile; fileRef = 139EA2E4166C9366001A29F0 /* GameKit.framework */; };
		13D3C4A71685D50700E1118B /* UnityConnector-Info.plist in Resources */ = {isa = PBXBuildFile; fileRef = 13FFEE571653694C001D94AB /* UnityConnector-Info.plist */; };
		13D3C4A81685D50700E1118B /* UnityConnector-Info.plist in Resources */ = {isa = PBXBuildFile; fileRef = 13FFEE571653694C001D94AB /* UnityConnector-Info.plist */; };
		13FFEE501653694C001D94AB /* UIKit.framework in Frameworks */ = {isa = PBXBuildFile; fileRef = 13FFEE4F1653694C001D94AB /* UIKit.framework */; };
		13FFEE521653694C001D94AB /* Foundation.framework in Frameworks */ = {isa = PBXBuildFile; fileRef = 13FFEE511653694C001D94AB /* Foundation.framework */; };
		13FFEE541653694C001D94AB /* CoreGraphics.framework in Frameworks */ = {isa = PBXBuildFile; fileRef = 13FFEE531653694C001D94AB /* CoreGraphics.framework */; };
		13FFEE5A1653694C001D94AB /* InfoPlist.strings in Resources */ = {isa = PBXBuildFile; fileRef = 13FFEE581653694C001D94AB /* InfoPlist.strings */; };
		13FFEE5C1653694C001D94AB /* main.m in Sources */ = {isa = PBXBuildFile; fileRef = 13FFEE5B1653694C001D94AB /* main.m */; };
		13FFEE601653694C001D94AB /* AppDelegate.m in Sources */ = {isa = PBXBuildFile; fileRef = 13FFEE5F1653694C001D94AB /* AppDelegate.m */; };
		13FFEE621653694C001D94AB /* Default.png in Resources */ = {isa = PBXBuildFile; fileRef = 13FFEE611653694C001D94AB /* Default.png */; };
		13FFEE641653694C001D94AB /* Default@2x.png in Resources */ = {isa = PBXBuildFile; fileRef = 13FFEE631653694C001D94AB /* Default@2x.png */; };
		13FFEE661653694C001D94AB /* Default-568h@2x.png in Resources */ = {isa = PBXBuildFile; fileRef = 13FFEE651653694C001D94AB /* Default-568h@2x.png */; };
		13FFEE6E1653694C001D94AB /* SenTestingKit.framework in Frameworks */ = {isa = PBXBuildFile; fileRef = 13FFEE6D1653694C001D94AB /* SenTestingKit.framework */; };
		13FFEE6F1653694C001D94AB /* UIKit.framework in Frameworks */ = {isa = PBXBuildFile; fileRef = 13FFEE4F1653694C001D94AB /* UIKit.framework */; };
		13FFEE701653694C001D94AB /* Foundation.framework in Frameworks */ = {isa = PBXBuildFile; fileRef = 13FFEE511653694C001D94AB /* Foundation.framework */; };
		13FFEE781653694C001D94AB /* InfoPlist.strings in Resources */ = {isa = PBXBuildFile; fileRef = 13FFEE761653694C001D94AB /* InfoPlist.strings */; };
		13FFEE7B1653694C001D94AB /* UnityConnectorTests.m in Sources */ = {isa = PBXBuildFile; fileRef = 13FFEE7A1653694C001D94AB /* UnityConnectorTests.m */; };
/* End PBXBuildFile section */

/* Begin PBXContainerItemProxy section */
		1392777A16881AD7005B80BA /* PBXContainerItemProxy */ = {
			isa = PBXContainerItemProxy;
			containerPortal = 1392772716881AD6005B80BA /* Unity-iPhone.xcodeproj */;
			proxyType = 2;
			remoteGlobalIDString = 1D6058910D05DD3D006BFB54;
			remoteInfo = "Unity-iPhone";
		};
		13FFEE711653694C001D94AB /* PBXContainerItemProxy */ = {
			isa = PBXContainerItemProxy;
			containerPortal = 13FFEE421653694C001D94AB /* Project object */;
			proxyType = 1;
			remoteGlobalIDString = 13FFEE4A1653694C001D94AB;
			remoteInfo = UnityConnector;
		};
/* End PBXContainerItemProxy section */

/* Begin PBXFileReference section */
		139276ED16881AD6005B80BA /* AppController.h */ = {isa = PBXFileReference; fileEncoding = 4; lastKnownFileType = sourcecode.c.h; path = AppController.h; sourceTree = "<group>"; };
		139276EE16881AD6005B80BA /* AppController.mm */ = {isa = PBXFileReference; fileEncoding = 4; lastKnownFileType = sourcecode.cpp.objcpp; path = AppController.mm; sourceTree = "<group>"; };
		139276EF16881AD6005B80BA /* iPhone_Common.h */ = {isa = PBXFileReference; fileEncoding = 4; lastKnownFileType = sourcecode.c.h; path = iPhone_Common.h; sourceTree = "<group>"; };
		139276F016881AD6005B80BA /* iPhone_GlesSupport.cpp */ = {isa = PBXFileReference; fileEncoding = 4; lastKnownFileType = sourcecode.cpp.cpp; path = iPhone_GlesSupport.cpp; sourceTree = "<group>"; };
		139276F116881AD6005B80BA /* iPhone_GlesSupport.h */ = {isa = PBXFileReference; fileEncoding = 4; lastKnownFileType = sourcecode.c.h; path = iPhone_GlesSupport.h; sourceTree = "<group>"; };
		139276F216881AD6005B80BA /* iPhone_OrientationSupport.h */ = {isa = PBXFileReference; fileEncoding = 4; lastKnownFileType = sourcecode.c.h; path = iPhone_OrientationSupport.h; sourceTree = "<group>"; };
		139276F316881AD6005B80BA /* iPhone_OrientationSupport.mm */ = {isa = PBXFileReference; fileEncoding = 4; lastKnownFileType = sourcecode.cpp.objcpp; path = iPhone_OrientationSupport.mm; sourceTree = "<group>"; };
		139276F416881AD6005B80BA /* iPhone_Profiler.cpp */ = {isa = PBXFileReference; fileEncoding = 4; lastKnownFileType = sourcecode.cpp.cpp; path = iPhone_Profiler.cpp; sourceTree = "<group>"; };
		139276F516881AD6005B80BA /* iPhone_Profiler.h */ = {isa = PBXFileReference; fileEncoding = 4; lastKnownFileType = sourcecode.c.h; path = iPhone_Profiler.h; sourceTree = "<group>"; };
		139276F616881AD6005B80BA /* iPhone_Sensors.h */ = {isa = PBXFileReference; fileEncoding = 4; lastKnownFileType = sourcecode.c.h; path = iPhone_Sensors.h; sourceTree = "<group>"; };
		139276F716881AD6005B80BA /* iPhone_Sensors.mm */ = {isa = PBXFileReference; fileEncoding = 4; lastKnownFileType = sourcecode.cpp.objcpp; path = iPhone_Sensors.mm; sourceTree = "<group>"; };
		139276F816881AD6005B80BA /* iPhone_target2AppDelegate.h */ = {isa = PBXFileReference; fileEncoding = 4; lastKnownFileType = sourcecode.c.h; path = iPhone_target2AppDelegate.h; sourceTree = "<group>"; };
		139276F916881AD6005B80BA /* iPhone_target2AppDelegate.m */ = {isa = PBXFileReference; fileEncoding = 4; lastKnownFileType = sourcecode.c.objc; path = iPhone_target2AppDelegate.m; sourceTree = "<group>"; };
		139276FA16881AD6005B80BA /* iPhone_target_Prefix.pch */ = {isa = PBXFileReference; fileEncoding = 4; lastKnownFileType = sourcecode.c.h; path = iPhone_target_Prefix.pch; sourceTree = "<group>"; };
		139276FB16881AD6005B80BA /* iPhone_View.h */ = {isa = PBXFileReference; fileEncoding = 4; lastKnownFileType = sourcecode.c.h; path = iPhone_View.h; sourceTree = "<group>"; };
		139276FC16881AD6005B80BA /* iPhone_View.mm */ = {isa = PBXFileReference; fileEncoding = 4; lastKnownFileType = sourcecode.cpp.objcpp; path = iPhone_View.mm; sourceTree = "<group>"; };
		139276FE16881AD6005B80BA /* MainWindow.xib */ = {isa = PBXFileReference; fileEncoding = 4; lastKnownFileType = file.xib; path = MainWindow.xib; sourceTree = "<group>"; };
		139276FF16881AD6005B80BA /* RegisterClasses.cpp */ = {isa = PBXFileReference; fileEncoding = 4; lastKnownFileType = sourcecode.cpp.cpp; path = RegisterClasses.cpp; sourceTree = "<group>"; };
		1392770016881AD6005B80BA /* RegisterClasses.h */ = {isa = PBXFileReference; fileEncoding = 4; lastKnownFileType = sourcecode.c.h; path = RegisterClasses.h; sourceTree = "<group>"; };
		1392770216881AD6005B80BA /* ActivityIndicator.h */ = {isa = PBXFileReference; fileEncoding = 4; lastKnownFileType = sourcecode.c.h; path = ActivityIndicator.h; sourceTree = "<group>"; };
		1392770316881AD6005B80BA /* ActivityIndicator.mm */ = {isa = PBXFileReference; fileEncoding = 4; lastKnownFileType = sourcecode.cpp.objcpp; path = ActivityIndicator.mm; sourceTree = "<group>"; };
		1392770416881AD6005B80BA /* SplashScreen.h */ = {isa = PBXFileReference; fileEncoding = 4; lastKnownFileType = sourcecode.c.h; path = SplashScreen.h; sourceTree = "<group>"; };
		1392770516881AD6005B80BA /* SplashScreen.mm */ = {isa = PBXFileReference; fileEncoding = 4; lastKnownFileType = sourcecode.cpp.objcpp; path = SplashScreen.mm; sourceTree = "<group>"; };
		1392770616881AD6005B80BA /* VideoViewController.h */ = {isa = PBXFileReference; fileEncoding = 4; lastKnownFileType = sourcecode.c.h; path = VideoViewController.h; sourceTree = "<group>"; };
		1392770716881AD6005B80BA /* VideoViewController.mm */ = {isa = PBXFileReference; fileEncoding = 4; lastKnownFileType = sourcecode.cpp.objcpp; path = VideoViewController.mm; sourceTree = "<group>"; };
		1392770916881AD6005B80BA /* mainData */ = {isa = PBXFileReference; lastKnownFileType = file; path = mainData; sourceTree = "<group>"; };
		1392770B16881AD6005B80BA /* Assembly-CSharp.dll */ = {isa = PBXFileReference; lastKnownFileType = file; path = "Assembly-CSharp.dll"; sourceTree = "<group>"; };
		1392770E16881AD6005B80BA /* machine.config */ = {isa = PBXFileReference; fileEncoding = 4; lastKnownFileType = text.xml; path = machine.config; sourceTree = "<group>"; };
		1392770F16881AD6005B80BA /* mscorlib.dll */ = {isa = PBXFileReference; lastKnownFileType = file; path = mscorlib.dll; sourceTree = "<group>"; };
		1392771016881AD6005B80BA /* UnityEngine.dll */ = {isa = PBXFileReference; lastKnownFileType = file; path = UnityEngine.dll; sourceTree = "<group>"; };
		1392771116881AD6005B80BA /* PlayerConnectionConfigFile */ = {isa = PBXFileReference; fileEncoding = 4; lastKnownFileType = text; path = PlayerConnectionConfigFile; sourceTree = "<group>"; };
		1392771216881AD6005B80BA /* sharedassets0.assets */ = {isa = PBXFileReference; lastKnownFileType = file; path = sharedassets0.assets; sourceTree = "<group>"; };
		1392771316881AD6005B80BA /* unity default resources */ = {isa = PBXFileReference; lastKnownFileType = file; path = "unity default resources"; sourceTree = "<group>"; };
		1392771416881AD6005B80BA /* Default-568h@2x.png */ = {isa = PBXFileReference; lastKnownFileType = image.png; path = "Default-568h@2x.png"; sourceTree = "<group>"; };
		1392771516881AD6005B80BA /* Default-Landscape.png */ = {isa = PBXFileReference; lastKnownFileType = image.png; path = "Default-Landscape.png"; sourceTree = "<group>"; };
		1392771616881AD6005B80BA /* Default-Landscape@2x.png */ = {isa = PBXFileReference; lastKnownFileType = image.png; path = "Default-Landscape@2x.png"; sourceTree = "<group>"; };
		1392771716881AD6005B80BA /* Default-Portrait.png */ = {isa = PBXFileReference; lastKnownFileType = image.png; path = "Default-Portrait.png"; sourceTree = "<group>"; };
		1392771816881AD6005B80BA /* Default-Portrait@2x.png */ = {isa = PBXFileReference; lastKnownFileType = image.png; path = "Default-Portrait@2x.png"; sourceTree = "<group>"; };
		1392771916881AD6005B80BA /* Default.png */ = {isa = PBXFileReference; lastKnownFileType = image.png; path = Default.png; sourceTree = "<group>"; };
		1392771A16881AD6005B80BA /* Default@2x.png */ = {isa = PBXFileReference; lastKnownFileType = image.png; path = "Default@2x.png"; sourceTree = "<group>"; };
		1392771B16881AD6005B80BA /* Icon-144.png */ = {isa = PBXFileReference; lastKnownFileType = image.png; path = "Icon-144.png"; sourceTree = "<group>"; };
		1392771C16881AD6005B80BA /* Icon-72.png */ = {isa = PBXFileReference; lastKnownFileType = image.png; path = "Icon-72.png"; sourceTree = "<group>"; };
		1392771D16881AD6005B80BA /* Icon.png */ = {isa = PBXFileReference; lastKnownFileType = image.png; path = Icon.png; sourceTree = "<group>"; };
		1392771E16881AD6005B80BA /* Icon@2x.png */ = {isa = PBXFileReference; lastKnownFileType = image.png; path = "Icon@2x.png"; sourceTree = "<group>"; };
		1392771F16881AD6005B80BA /* Info.plist */ = {isa = PBXFileReference; fileEncoding = 4; lastKnownFileType = text.plist.xml; path = Info.plist; sourceTree = "<group>"; };
		1392772116881AD6005B80BA /* Assembly-CSharp.dll.s */ = {isa = PBXFileReference; fileEncoding = 4; lastKnownFileType = sourcecode.asm; path = "Assembly-CSharp.dll.s"; sourceTree = "<group>"; };
		1392772216881AD6005B80BA /* libiPhone-lib.a */ = {isa = PBXFileReference; lastKnownFileType = archive.ar; path = "libiPhone-lib.a"; sourceTree = "<group>"; };
		1392772316881AD6005B80BA /* mscorlib.dll.s */ = {isa = PBXFileReference; fileEncoding = 4; lastKnownFileType = sourcecode.asm; path = mscorlib.dll.s; sourceTree = "<group>"; };
		1392772416881AD6005B80BA /* RegisterMonoModules.cpp */ = {isa = PBXFileReference; fileEncoding = 4; lastKnownFileType = sourcecode.cpp.cpp; path = RegisterMonoModules.cpp; sourceTree = "<group>"; };
		1392772516881AD6005B80BA /* RegisterMonoModules.h */ = {isa = PBXFileReference; fileEncoding = 4; lastKnownFileType = sourcecode.c.h; path = RegisterMonoModules.h; sourceTree = "<group>"; };
		1392772616881AD6005B80BA /* UnityEngine.dll.s */ = {isa = PBXFileReference; fileEncoding = 4; lastKnownFileType = sourcecode.asm; path = UnityEngine.dll.s; sourceTree = "<group>"; };
		1392772716881AD6005B80BA /* Unity-iPhone.xcodeproj */ = {isa = PBXFileReference; lastKnownFileType = "wrapper.pb-project"; path = "Unity-iPhone.xcodeproj"; sourceTree = "<group>"; };
		1392777D1688C8D3005B80BA /* BaseViewController.h */ = {isa = PBXFileReference; fileEncoding = 4; lastKnownFileType = sourcecode.c.h; path = BaseViewController.h; sourceTree = "<group>"; };
		1392777E1688C8D3005B80BA /* BaseViewController.m */ = {isa = PBXFileReference; fileEncoding = 4; lastKnownFileType = sourcecode.c.objc; path = BaseViewController.m; sourceTree = "<group>"; };
		1392777F1688C8D3005B80BA /* BaseViewController.xib */ = {isa = PBXFileReference; fileEncoding = 4; lastKnownFileType = file.xib; path = BaseViewController.xib; sourceTree = "<group>"; };
		139A52091685FA1100A4A48E /* SamplePinViewControler.h */ = {isa = PBXFileReference; fileEncoding = 4; lastKnownFileType = sourcecode.c.h; name = SamplePinViewControler.h; path = SamplePinViewControl/SamplePinViewControler.h; sourceTree = "<group>"; };
		139A520A1685FA1100A4A48E /* SamplePinViewControler.m */ = {isa = PBXFileReference; fileEncoding = 4; lastKnownFileType = sourcecode.c.objc; name = SamplePinViewControler.m; path = SamplePinViewControl/SamplePinViewControler.m; sourceTree = "<group>"; };
		139A520B1685FA1100A4A48E /* SamplePinViewControler.xib */ = {isa = PBXFileReference; fileEncoding = 4; lastKnownFileType = file.xib; name = SamplePinViewControler.xib; path = SamplePinViewControl/SamplePinViewControler.xib; sourceTree = "<group>"; };
		139EA0E1166C6928001A29F0 /* KSUnityBooter.h */ = {isa = PBXFileReference; fileEncoding = 4; lastKnownFileType = sourcecode.c.h; path = KSUnityBooter.h; sourceTree = "<group>"; };
		139EA0E2166C6928001A29F0 /* KSUnityBooter.mm */ = {isa = PBXFileReference; fileEncoding = 4; lastKnownFileType = sourcecode.cpp.objcpp; path = KSUnityBooter.mm; sourceTree = "<group>"; };
		139EA0EF166C6961001A29F0 /* SampleTitleViewController.h */ = {isa = PBXFileReference; fileEncoding = 4; lastKnownFileType = sourcecode.c.h; path = SampleTitleViewController.h; sourceTree = "<group>"; };
		139EA0F0166C6961001A29F0 /* SampleTitleViewController.m */ = {isa = PBXFileReference; fileEncoding = 4; lastKnownFileType = sourcecode.c.objc; path = SampleTitleViewController.m; sourceTree = "<group>"; };
		139EA0F1166C6961001A29F0 /* SampleTitleViewController.xib */ = {isa = PBXFileReference; fileEncoding = 4; lastKnownFileType = file.xib; path = SampleTitleViewController.xib; sourceTree = "<group>"; };
		139EA21A166C91AC001A29F0 /* MessengerIDGenerator.h */ = {isa = PBXFileReference; fileEncoding = 4; lastKnownFileType = sourcecode.c.h; path = MessengerIDGenerator.h; sourceTree = "<group>"; };
		139EA21B166C91AC001A29F0 /* MessengerIDGenerator.m */ = {isa = PBXFileReference; fileEncoding = 4; lastKnownFileType = sourcecode.c.objc; path = MessengerIDGenerator.m; sourceTree = "<group>"; };
		139EA21C166C91AC001A29F0 /* MessengerSystem.h */ = {isa = PBXFileReference; fileEncoding = 4; lastKnownFileType = sourcecode.c.h; path = MessengerSystem.h; sourceTree = "<group>"; };
		139EA21D166C91AC001A29F0 /* MessengerSystem.m */ = {isa = PBXFileReference; fileEncoding = 4; lastKnownFileType = sourcecode.c.objc; path = MessengerSystem.m; sourceTree = "<group>"; };
		139EA2D4166C9366001A29F0 /* SystemConfiguration.framework */ = {isa = PBXFileReference; lastKnownFileType = wrapper.framework; name = SystemConfiguration.framework; path = System/Library/Frameworks/SystemConfiguration.framework; sourceTree = SDKROOT; };
		139EA2D5166C9366001A29F0 /* CoreLocation.framework */ = {isa = PBXFileReference; lastKnownFileType = wrapper.framework; name = CoreLocation.framework; path = System/Library/Frameworks/CoreLocation.framework; sourceTree = SDKROOT; };
		139EA2D6166C9366001A29F0 /* MediaPlayer.framework */ = {isa = PBXFileReference; lastKnownFileType = wrapper.framework; name = MediaPlayer.framework; path = System/Library/Frameworks/MediaPlayer.framework; sourceTree = SDKROOT; };
		139EA2D7166C9366001A29F0 /* UIKit.framework */ = {isa = PBXFileReference; lastKnownFileType = wrapper.framework; name = UIKit.framework; path = System/Library/Frameworks/UIKit.framework; sourceTree = SDKROOT; };
		139EA2D8166C9366001A29F0 /* OpenGLES.framework */ = {isa = PBXFileReference; lastKnownFileType = wrapper.framework; name = OpenGLES.framework; path = System/Library/Frameworks/OpenGLES.framework; sourceTree = SDKROOT; };
		139EA2D9166C9366001A29F0 /* QuartzCore.framework */ = {isa = PBXFileReference; lastKnownFileType = wrapper.framework; name = QuartzCore.framework; path = System/Library/Frameworks/QuartzCore.framework; sourceTree = SDKROOT; };
		139EA2DA166C9366001A29F0 /* OpenAL.framework */ = {isa = PBXFileReference; lastKnownFileType = wrapper.framework; name = OpenAL.framework; path = System/Library/Frameworks/OpenAL.framework; sourceTree = SDKROOT; };
		139EA2DB166C9366001A29F0 /* libiconv.2.dylib */ = {isa = PBXFileReference; lastKnownFileType = "compiled.mach-o.dylib"; name = libiconv.2.dylib; path = usr/lib/libiconv.2.dylib; sourceTree = SDKROOT; };
		139EA2DC166C9366001A29F0 /* CFNetwork.framework */ = {isa = PBXFileReference; lastKnownFileType = wrapper.framework; name = CFNetwork.framework; path = System/Library/Frameworks/CFNetwork.framework; sourceTree = SDKROOT; };
		139EA2DD166C9366001A29F0 /* AudioToolbox.framework */ = {isa = PBXFileReference; lastKnownFileType = wrapper.framework; name = AudioToolbox.framework; path = System/Library/Frameworks/AudioToolbox.framework; sourceTree = SDKROOT; };
		139EA2DE166C9366001A29F0 /* iAd.framework */ = {isa = PBXFileReference; lastKnownFileType = wrapper.framework; name = iAd.framework; path = System/Library/Frameworks/iAd.framework; sourceTree = SDKROOT; };
		139EA2DF166C9366001A29F0 /* CoreMedia.framework */ = {isa = PBXFileReference; lastKnownFileType = wrapper.framework; name = CoreMedia.framework; path = System/Library/Frameworks/CoreMedia.framework; sourceTree = SDKROOT; };
		139EA2E0166C9366001A29F0 /* CoreVideo.framework */ = {isa = PBXFileReference; lastKnownFileType = wrapper.framework; name = CoreVideo.framework; path = System/Library/Frameworks/CoreVideo.framework; sourceTree = SDKROOT; };
		139EA2E1166C9366001A29F0 /* AVFoundation.framework */ = {isa = PBXFileReference; lastKnownFileType = wrapper.framework; name = AVFoundation.framework; path = System/Library/Frameworks/AVFoundation.framework; sourceTree = SDKROOT; };
		139EA2E2166C9366001A29F0 /* CoreGraphics.framework */ = {isa = PBXFileReference; lastKnownFileType = wrapper.framework; name = CoreGraphics.framework; path = System/Library/Frameworks/CoreGraphics.framework; sourceTree = SDKROOT; };
		139EA2E3166C9366001A29F0 /* CoreMotion.framework */ = {isa = PBXFileReference; lastKnownFileType = wrapper.framework; name = CoreMotion.framework; path = System/Library/Frameworks/CoreMotion.framework; sourceTree = SDKROOT; };
		139EA2E4166C9366001A29F0 /* GameKit.framework */ = {isa = PBXFileReference; lastKnownFileType = wrapper.framework; name = GameKit.framework; path = System/Library/Frameworks/GameKit.framework; sourceTree = SDKROOT; };
		13FFEE4B1653694C001D94AB /* UnityConnector.app */ = {isa = PBXFileReference; explicitFileType = wrapper.application; includeInIndex = 0; path = UnityConnector.app; sourceTree = BUILT_PRODUCTS_DIR; };
		13FFEE4F1653694C001D94AB /* UIKit.framework */ = {isa = PBXFileReference; lastKnownFileType = wrapper.framework; name = UIKit.framework; path = System/Library/Frameworks/UIKit.framework; sourceTree = SDKROOT; };
		13FFEE511653694C001D94AB /* Foundation.framework */ = {isa = PBXFileReference; lastKnownFileType = wrapper.framework; name = Foundation.framework; path = System/Library/Frameworks/Foundation.framework; sourceTree = SDKROOT; };
		13FFEE531653694C001D94AB /* CoreGraphics.framework */ = {isa = PBXFileReference; lastKnownFileType = wrapper.framework; name = CoreGraphics.framework; path = System/Library/Frameworks/CoreGraphics.framework; sourceTree = SDKROOT; };
		13FFEE571653694C001D94AB /* UnityConnector-Info.plist */ = {isa = PBXFileReference; lastKnownFileType = text.plist.xml; path = "UnityConnector-Info.plist"; sourceTree = "<group>"; };
		13FFEE591653694C001D94AB /* en */ = {isa = PBXFileReference; lastKnownFileType = text.plist.strings; name = en; path = en.lproj/InfoPlist.strings; sourceTree = "<group>"; };
		13FFEE5B1653694C001D94AB /* main.m */ = {isa = PBXFileReference; lastKnownFileType = sourcecode.c.objc; path = main.m; sourceTree = "<group>"; };
		13FFEE5D1653694C001D94AB /* UnityConnector-Prefix.pch */ = {isa = PBXFileReference; lastKnownFileType = sourcecode.c.h; path = "UnityConnector-Prefix.pch"; sourceTree = "<group>"; };
		13FFEE5E1653694C001D94AB /* AppDelegate.h */ = {isa = PBXFileReference; lastKnownFileType = sourcecode.c.h; path = AppDelegate.h; sourceTree = "<group>"; };
		13FFEE5F1653694C001D94AB /* AppDelegate.m */ = {isa = PBXFileReference; lastKnownFileType = sourcecode.c.objc; path = AppDelegate.m; sourceTree = "<group>"; };
		13FFEE611653694C001D94AB /* Default.png */ = {isa = PBXFileReference; lastKnownFileType = image.png; path = Default.png; sourceTree = "<group>"; };
		13FFEE631653694C001D94AB /* Default@2x.png */ = {isa = PBXFileReference; lastKnownFileType = image.png; path = "Default@2x.png"; sourceTree = "<group>"; };
		13FFEE651653694C001D94AB /* Default-568h@2x.png */ = {isa = PBXFileReference; lastKnownFileType = image.png; path = "Default-568h@2x.png"; sourceTree = "<group>"; };
		13FFEE6C1653694C001D94AB /* UnityConnectorTests.octest */ = {isa = PBXFileReference; explicitFileType = wrapper.cfbundle; includeInIndex = 0; path = UnityConnectorTests.octest; sourceTree = BUILT_PRODUCTS_DIR; };
		13FFEE6D1653694C001D94AB /* SenTestingKit.framework */ = {isa = PBXFileReference; lastKnownFileType = wrapper.framework; name = SenTestingKit.framework; path = Library/Frameworks/SenTestingKit.framework; sourceTree = DEVELOPER_DIR; };
		13FFEE751653694C001D94AB /* UnityConnectorTests-Info.plist */ = {isa = PBXFileReference; lastKnownFileType = text.plist.xml; path = "UnityConnectorTests-Info.plist"; sourceTree = "<group>"; };
		13FFEE771653694C001D94AB /* en */ = {isa = PBXFileReference; lastKnownFileType = text.plist.strings; name = en; path = en.lproj/InfoPlist.strings; sourceTree = "<group>"; };
		13FFEE791653694C001D94AB /* UnityConnectorTests.h */ = {isa = PBXFileReference; lastKnownFileType = sourcecode.c.h; path = UnityConnectorTests.h; sourceTree = "<group>"; };
		13FFEE7A1653694C001D94AB /* UnityConnectorTests.m */ = {isa = PBXFileReference; lastKnownFileType = sourcecode.c.objc; path = UnityConnectorTests.m; sourceTree = "<group>"; };
/* End PBXFileReference section */

/* Begin PBXFrameworksBuildPhase section */
		13FFEE481653694C001D94AB /* Frameworks */ = {
			isa = PBXFrameworksBuildPhase;
			buildActionMask = 2147483647;
			files = (
				13FFEE501653694C001D94AB /* UIKit.framework in Frameworks */,
				13FFEE521653694C001D94AB /* Foundation.framework in Frameworks */,
				13FFEE541653694C001D94AB /* CoreGraphics.framework in Frameworks */,
				139EA2E5166C9366001A29F0 /* SystemConfiguration.framework in Frameworks */,
				139EA2E7166C9366001A29F0 /* CoreLocation.framework in Frameworks */,
				139EA2E9166C9366001A29F0 /* MediaPlayer.framework in Frameworks */,
				139EA2EB166C9366001A29F0 /* UIKit.framework in Frameworks */,
				139EA2ED166C9366001A29F0 /* OpenGLES.framework in Frameworks */,
				139EA2EF166C9366001A29F0 /* QuartzCore.framework in Frameworks */,
				139EA2F1166C9366001A29F0 /* OpenAL.framework in Frameworks */,
				139EA2F3166C9366001A29F0 /* libiconv.2.dylib in Frameworks */,
				139EA2F5166C9366001A29F0 /* CFNetwork.framework in Frameworks */,
				139EA2F7166C9366001A29F0 /* AudioToolbox.framework in Frameworks */,
				139EA2F9166C9366001A29F0 /* iAd.framework in Frameworks */,
				139EA2FB166C9366001A29F0 /* CoreMedia.framework in Frameworks */,
				139EA2FD166C9366001A29F0 /* CoreVideo.framework in Frameworks */,
				139EA2FF166C9366001A29F0 /* AVFoundation.framework in Frameworks */,
				139EA301166C9366001A29F0 /* CoreGraphics.framework in Frameworks */,
				139EA303166C9366001A29F0 /* CoreMotion.framework in Frameworks */,
				139EA305166C9366001A29F0 /* GameKit.framework in Frameworks */,
				1392777116881AD7005B80BA /* libiPhone-lib.a in Frameworks */,
			);
			runOnlyForDeploymentPostprocessing = 0;
		};
		13FFEE681653694C001D94AB /* Frameworks */ = {
			isa = PBXFrameworksBuildPhase;
			buildActionMask = 2147483647;
			files = (
				13FFEE6E1653694C001D94AB /* SenTestingKit.framework in Frameworks */,
				13FFEE6F1653694C001D94AB /* UIKit.framework in Frameworks */,
				13FFEE701653694C001D94AB /* Foundation.framework in Frameworks */,
				139EA2E6166C9366001A29F0 /* SystemConfiguration.framework in Frameworks */,
				139EA2E8166C9366001A29F0 /* CoreLocation.framework in Frameworks */,
				139EA2EA166C9366001A29F0 /* MediaPlayer.framework in Frameworks */,
				139EA2EC166C9366001A29F0 /* UIKit.framework in Frameworks */,
				139EA2EE166C9366001A29F0 /* OpenGLES.framework in Frameworks */,
				139EA2F0166C9366001A29F0 /* QuartzCore.framework in Frameworks */,
				139EA2F2166C9366001A29F0 /* OpenAL.framework in Frameworks */,
				139EA2F4166C9366001A29F0 /* libiconv.2.dylib in Frameworks */,
				139EA2F6166C9366001A29F0 /* CFNetwork.framework in Frameworks */,
				139EA2F8166C9366001A29F0 /* AudioToolbox.framework in Frameworks */,
				139EA2FA166C9366001A29F0 /* iAd.framework in Frameworks */,
				139EA2FC166C9366001A29F0 /* CoreMedia.framework in Frameworks */,
				139EA2FE166C9366001A29F0 /* CoreVideo.framework in Frameworks */,
				139EA300166C9366001A29F0 /* AVFoundation.framework in Frameworks */,
				139EA302166C9366001A29F0 /* CoreGraphics.framework in Frameworks */,
				139EA304166C9366001A29F0 /* CoreMotion.framework in Frameworks */,
				139EA306166C9366001A29F0 /* GameKit.framework in Frameworks */,
				1392777216881AD7005B80BA /* libiPhone-lib.a in Frameworks */,
			);
			runOnlyForDeploymentPostprocessing = 0;
		};
/* End PBXFrameworksBuildPhase section */

/* Begin PBXGroup section */
		139276E816881AD6005B80BA /* iOSUnityApp */ = {
			isa = PBXGroup;
			children = (
				139276E916881AD6005B80BA /* build */,
				139276EC16881AD6005B80BA /* Classes */,
				1392770816881AD6005B80BA /* Data */,
				1392771416881AD6005B80BA /* Default-568h@2x.png */,
				1392771516881AD6005B80BA /* Default-Landscape.png */,
				1392771616881AD6005B80BA /* Default-Landscape@2x.png */,
				1392771716881AD6005B80BA /* Default-Portrait.png */,
				1392771816881AD6005B80BA /* Default-Portrait@2x.png */,
				1392771916881AD6005B80BA /* Default.png */,
				1392771A16881AD6005B80BA /* Default@2x.png */,
				1392771B16881AD6005B80BA /* Icon-144.png */,
				1392771C16881AD6005B80BA /* Icon-72.png */,
				1392771D16881AD6005B80BA /* Icon.png */,
				1392771E16881AD6005B80BA /* Icon@2x.png */,
				1392771F16881AD6005B80BA /* Info.plist */,
				1392772016881AD6005B80BA /* Libraries */,
				1392772716881AD6005B80BA /* Unity-iPhone.xcodeproj */,
			);
			path = iOSUnityApp;
			sourceTree = "<group>";
		};
		139276E916881AD6005B80BA /* build */ = {
			isa = PBXGroup;
			children = (
				139276EA16881AD6005B80BA /* Unity-iPhone.build */,
			);
			path = build;
			sourceTree = "<group>";
		};
		139276EA16881AD6005B80BA /* Unity-iPhone.build */ = {
			isa = PBXGroup;
			children = (
				139276EB16881AD6005B80BA /* Release-iphoneos */,
			);
			path = "Unity-iPhone.build";
			sourceTree = "<group>";
		};
		139276EB16881AD6005B80BA /* Release-iphoneos */ = {
			isa = PBXGroup;
			children = (
			);
			path = "Release-iphoneos";
			sourceTree = "<group>";
		};
		139276EC16881AD6005B80BA /* Classes */ = {
			isa = PBXGroup;
			children = (
				139276ED16881AD6005B80BA /* AppController.h */,
				139276EE16881AD6005B80BA /* AppController.mm */,
				139276EF16881AD6005B80BA /* iPhone_Common.h */,
				139276F016881AD6005B80BA /* iPhone_GlesSupport.cpp */,
				139276F116881AD6005B80BA /* iPhone_GlesSupport.h */,
				139276F216881AD6005B80BA /* iPhone_OrientationSupport.h */,
				139276F316881AD6005B80BA /* iPhone_OrientationSupport.mm */,
				139276F416881AD6005B80BA /* iPhone_Profiler.cpp */,
				139276F516881AD6005B80BA /* iPhone_Profiler.h */,
				139276F616881AD6005B80BA /* iPhone_Sensors.h */,
				139276F716881AD6005B80BA /* iPhone_Sensors.mm */,
				139276F816881AD6005B80BA /* iPhone_target2AppDelegate.h */,
				139276F916881AD6005B80BA /* iPhone_target2AppDelegate.m */,
				139276FA16881AD6005B80BA /* iPhone_target_Prefix.pch */,
				139276FB16881AD6005B80BA /* iPhone_View.h */,
				139276FC16881AD6005B80BA /* iPhone_View.mm */,
				139276FE16881AD6005B80BA /* MainWindow.xib */,
				139276FF16881AD6005B80BA /* RegisterClasses.cpp */,
				1392770016881AD6005B80BA /* RegisterClasses.h */,
				1392770116881AD6005B80BA /* UI */,
			);
			path = Classes;
			sourceTree = "<group>";
		};
		1392770116881AD6005B80BA /* UI */ = {
			isa = PBXGroup;
			children = (
				1392770216881AD6005B80BA /* ActivityIndicator.h */,
				1392770316881AD6005B80BA /* ActivityIndicator.mm */,
				1392770416881AD6005B80BA /* SplashScreen.h */,
				1392770516881AD6005B80BA /* SplashScreen.mm */,
				1392770616881AD6005B80BA /* VideoViewController.h */,
				1392770716881AD6005B80BA /* VideoViewController.mm */,
			);
			path = UI;
			sourceTree = "<group>";
		};
		1392770816881AD6005B80BA /* Data */ = {
			isa = PBXGroup;
			children = (
				1392770916881AD6005B80BA /* mainData */,
				1392770A16881AD6005B80BA /* Managed */,
				1392771116881AD6005B80BA /* PlayerConnectionConfigFile */,
				1392771216881AD6005B80BA /* sharedassets0.assets */,
				1392771316881AD6005B80BA /* unity default resources */,
			);
			path = Data;
			sourceTree = "<group>";
		};
		1392770A16881AD6005B80BA /* Managed */ = {
			isa = PBXGroup;
			children = (
				1392770B16881AD6005B80BA /* Assembly-CSharp.dll */,
				1392770C16881AD6005B80BA /* mono */,
				1392770F16881AD6005B80BA /* mscorlib.dll */,
				1392771016881AD6005B80BA /* UnityEngine.dll */,
			);
			path = Managed;
			sourceTree = "<group>";
		};
		1392770C16881AD6005B80BA /* mono */ = {
			isa = PBXGroup;
			children = (
				1392770D16881AD6005B80BA /* 2.0 */,
			);
			path = mono;
			sourceTree = "<group>";
		};
		1392770D16881AD6005B80BA /* 2.0 */ = {
			isa = PBXGroup;
			children = (
				1392770E16881AD6005B80BA /* machine.config */,
			);
			path = 2.0;
			sourceTree = "<group>";
		};
		1392772016881AD6005B80BA /* Libraries */ = {
			isa = PBXGroup;
			children = (
				1392772116881AD6005B80BA /* Assembly-CSharp.dll.s */,
				1392772216881AD6005B80BA /* libiPhone-lib.a */,
				1392772316881AD6005B80BA /* mscorlib.dll.s */,
				1392772416881AD6005B80BA /* RegisterMonoModules.cpp */,
				1392772516881AD6005B80BA /* RegisterMonoModules.h */,
				1392772616881AD6005B80BA /* UnityEngine.dll.s */,
			);
			path = Libraries;
			sourceTree = "<group>";
		};
		1392772816881AD6005B80BA /* Products */ = {
			isa = PBXGroup;
			children = (
				1392777B16881AD7005B80BA /* PanzerStrike.app */,
			);
			name = Products;
			sourceTree = "<group>";
		};
		139A52071685F9EE00A4A48E /* SamplePinViewControl */ = {
			isa = PBXGroup;
			children = (
				139A52091685FA1100A4A48E /* SamplePinViewControler.h */,
				139A520A1685FA1100A4A48E /* SamplePinViewControler.m */,
				139A520B1685FA1100A4A48E /* SamplePinViewControler.xib */,
			);
			name = SamplePinViewControl;
			sourceTree = "<group>";
		};
		139EA0E0166C6928001A29F0 /* KSUnityBoot */ = {
			isa = PBXGroup;
			children = (
				139EA0E1166C6928001A29F0 /* KSUnityBooter.h */,
				139EA0E2166C6928001A29F0 /* KSUnityBooter.mm */,
			);
			path = KSUnityBoot;
			sourceTree = "<group>";
		};
		139EA0EE166C6961001A29F0 /* SampleTitleViewControl */ = {
			isa = PBXGroup;
			children = (
				139EA0EF166C6961001A29F0 /* SampleTitleViewController.h */,
				139EA0F0166C6961001A29F0 /* SampleTitleViewController.m */,
				139EA0F1166C6961001A29F0 /* SampleTitleViewController.xib */,
			);
			path = SampleTitleViewControl;
			sourceTree = "<group>";
		};
		139EA219166C91AC001A29F0 /* MessengerSystem */ = {
			isa = PBXGroup;
			children = (
				139EA21A166C91AC001A29F0 /* MessengerIDGenerator.h */,
				139EA21B166C91AC001A29F0 /* MessengerIDGenerator.m */,
				139EA21C166C91AC001A29F0 /* MessengerSystem.h */,
				139EA21D166C91AC001A29F0 /* MessengerSystem.m */,
			);
			path = MessengerSystem;
			sourceTree = "<group>";
		};
		13FFEE401653694C001D94AB = {
			isa = PBXGroup;
			children = (
				139276E816881AD6005B80BA /* iOSUnityApp */,
				139EA219166C91AC001A29F0 /* MessengerSystem */,
				139EA0E0166C6928001A29F0 /* KSUnityBoot */,
				13FFEE551653694C001D94AB /* UnityConnector */,
				13FFEE731653694C001D94AB /* UnityConnectorTests */,
				13FFEE4E1653694C001D94AB /* Frameworks */,
				13FFEE4C1653694C001D94AB /* Products */,
			);
			sourceTree = "<group>";
			usesTabs = 1;
		};
		13FFEE4C1653694C001D94AB /* Products */ = {
			isa = PBXGroup;
			children = (
				13FFEE4B1653694C001D94AB /* UnityConnector.app */,
				13FFEE6C1653694C001D94AB /* UnityConnectorTests.octest */,
			);
			name = Products;
			sourceTree = "<group>";
		};
		13FFEE4E1653694C001D94AB /* Frameworks */ = {
			isa = PBXGroup;
			children = (
				139EA2D4166C9366001A29F0 /* SystemConfiguration.framework */,
				139EA2D5166C9366001A29F0 /* CoreLocation.framework */,
				139EA2D6166C9366001A29F0 /* MediaPlayer.framework */,
				139EA2D7166C9366001A29F0 /* UIKit.framework */,
				139EA2D8166C9366001A29F0 /* OpenGLES.framework */,
				139EA2D9166C9366001A29F0 /* QuartzCore.framework */,
				139EA2DA166C9366001A29F0 /* OpenAL.framework */,
				139EA2DB166C9366001A29F0 /* libiconv.2.dylib */,
				139EA2DC166C9366001A29F0 /* CFNetwork.framework */,
				139EA2DD166C9366001A29F0 /* AudioToolbox.framework */,
				139EA2DE166C9366001A29F0 /* iAd.framework */,
				139EA2DF166C9366001A29F0 /* CoreMedia.framework */,
				139EA2E0166C9366001A29F0 /* CoreVideo.framework */,
				139EA2E1166C9366001A29F0 /* AVFoundation.framework */,
				139EA2E2166C9366001A29F0 /* CoreGraphics.framework */,
				139EA2E3166C9366001A29F0 /* CoreMotion.framework */,
				139EA2E4166C9366001A29F0 /* GameKit.framework */,
				13FFEE4F1653694C001D94AB /* UIKit.framework */,
				13FFEE511653694C001D94AB /* Foundation.framework */,
				13FFEE531653694C001D94AB /* CoreGraphics.framework */,
				13FFEE6D1653694C001D94AB /* SenTestingKit.framework */,
			);
			name = Frameworks;
			sourceTree = "<group>";
		};
		13FFEE551653694C001D94AB /* UnityConnector */ = {
			isa = PBXGroup;
			children = (
				139A52071685F9EE00A4A48E /* SamplePinViewControl */,
				139EA0EE166C6961001A29F0 /* SampleTitleViewControl */,
				13FFEE5E1653694C001D94AB /* AppDelegate.h */,
				13FFEE5F1653694C001D94AB /* AppDelegate.m */,
				13FFEE561653694C001D94AB /* Supporting Files */,
				1392777D1688C8D3005B80BA /* BaseViewController.h */,
				1392777E1688C8D3005B80BA /* BaseViewController.m */,
				1392777F1688C8D3005B80BA /* BaseViewController.xib */,
			);
			path = UnityConnector;
			sourceTree = "<group>";
		};
		13FFEE561653694C001D94AB /* Supporting Files */ = {
			isa = PBXGroup;
			children = (
				13FFEE571653694C001D94AB /* UnityConnector-Info.plist */,
				13FFEE581653694C001D94AB /* InfoPlist.strings */,
				13FFEE5B1653694C001D94AB /* main.m */,
				13FFEE5D1653694C001D94AB /* UnityConnector-Prefix.pch */,
				13FFEE611653694C001D94AB /* Default.png */,
				13FFEE631653694C001D94AB /* Default@2x.png */,
				13FFEE651653694C001D94AB /* Default-568h@2x.png */,
			);
			name = "Supporting Files";
			sourceTree = "<group>";
		};
		13FFEE731653694C001D94AB /* UnityConnectorTests */ = {
			isa = PBXGroup;
			children = (
				13FFEE791653694C001D94AB /* UnityConnectorTests.h */,
				13FFEE7A1653694C001D94AB /* UnityConnectorTests.m */,
				13FFEE741653694C001D94AB /* Supporting Files */,
			);
			path = UnityConnectorTests;
			sourceTree = "<group>";
		};
		13FFEE741653694C001D94AB /* Supporting Files */ = {
			isa = PBXGroup;
			children = (
				13FFEE751653694C001D94AB /* UnityConnectorTests-Info.plist */,
				13FFEE761653694C001D94AB /* InfoPlist.strings */,
			);
			name = "Supporting Files";
			sourceTree = "<group>";
		};
/* End PBXGroup section */

/* Begin PBXNativeTarget section */
		13FFEE4A1653694C001D94AB /* UnityConnector */ = {
			isa = PBXNativeTarget;
			buildConfigurationList = 13FFEE7E1653694C001D94AB /* Build configuration list for PBXNativeTarget "UnityConnector" */;
			buildPhases = (
				13FFEE471653694C001D94AB /* Sources */,
				13FFEE481653694C001D94AB /* Frameworks */,
				135C10F0166CBF6700ACD988 /* ShellScript */,
				13FFEE491653694C001D94AB /* Resources */,
			);
			buildRules = (
			);
			dependencies = (
			);
			name = UnityConnector;
			productName = UnityConnector;
			productReference = 13FFEE4B1653694C001D94AB /* UnityConnector.app */;
			productType = "com.apple.product-type.application";
		};
		13FFEE6B1653694C001D94AB /* UnityConnectorTests */ = {
			isa = PBXNativeTarget;
			buildConfigurationList = 13FFEE811653694C001D94AB /* Build configuration list for PBXNativeTarget "UnityConnectorTests" */;
			buildPhases = (
				13FFEE671653694C001D94AB /* Sources */,
				13FFEE681653694C001D94AB /* Frameworks */,
				13FFEE691653694C001D94AB /* Resources */,
				13FFEE6A1653694C001D94AB /* ShellScript */,
			);
			buildRules = (
			);
			dependencies = (
				13FFEE721653694C001D94AB /* PBXTargetDependency */,
			);
			name = UnityConnectorTests;
			productName = UnityConnectorTests;
			productReference = 13FFEE6C1653694C001D94AB /* UnityConnectorTests.octest */;
			productType = "com.apple.product-type.bundle";
		};
/* End PBXNativeTarget section */

/* Begin PBXProject section */
		13FFEE421653694C001D94AB /* Project object */ = {
			isa = PBXProject;
			attributes = {
				LastUpgradeCheck = 0450;
				ORGANIZATIONNAME = "Toru Inoue";
			};
			buildConfigurationList = 13FFEE451653694C001D94AB /* Build configuration list for PBXProject "UnityConnector" */;
			compatibilityVersion = "Xcode 3.2";
			developmentRegion = English;
			hasScannedForEncodings = 0;
			knownRegions = (
				en,
			);
			mainGroup = 13FFEE401653694C001D94AB;
			productRefGroup = 13FFEE4C1653694C001D94AB /* Products */;
			projectDirPath = "";
			projectReferences = (
				{
					ProductGroup = 1392772816881AD6005B80BA /* Products */;
					ProjectRef = 1392772716881AD6005B80BA /* Unity-iPhone.xcodeproj */;
				},
			);
			projectRoot = "";
			targets = (
				13FFEE4A1653694C001D94AB /* UnityConnector */,
				13FFEE6B1653694C001D94AB /* UnityConnectorTests */,
			);
		};
/* End PBXProject section */

/* Begin PBXReferenceProxy section */
		1392777B16881AD7005B80BA /* PanzerStrike.app */ = {
			isa = PBXReferenceProxy;
			fileType = wrapper.application;
			path = PanzerStrike.app;
			remoteRef = 1392777A16881AD7005B80BA /* PBXContainerItemProxy */;
			sourceTree = BUILT_PRODUCTS_DIR;
		};
/* End PBXReferenceProxy section */

/* Begin PBXResourcesBuildPhase section */
		13FFEE491653694C001D94AB /* Resources */ = {
			isa = PBXResourcesBuildPhase;
			buildActionMask = 2147483647;
			files = (
				13FFEE5A1653694C001D94AB /* InfoPlist.strings in Resources */,
				13FFEE621653694C001D94AB /* Default.png in Resources */,
				13FFEE641653694C001D94AB /* Default@2x.png in Resources */,
				13FFEE661653694C001D94AB /* Default-568h@2x.png in Resources */,
				139EA0F4166C6961001A29F0 /* SampleTitleViewController.xib in Resources */,
				13D3C4A71685D50700E1118B /* UnityConnector-Info.plist in Resources */,
				139A520E1685FA1100A4A48E /* SamplePinViewControler.xib in Resources */,
				1392773D16881AD6005B80BA /* MainWindow.xib in Resources */,
				1392774716881AD6005B80BA /* mainData in Resources */,
				1392774916881AD7005B80BA /* Assembly-CSharp.dll in Resources */,
				1392774B16881AD7005B80BA /* machine.config in Resources */,
				1392774D16881AD7005B80BA /* mscorlib.dll in Resources */,
				1392774F16881AD7005B80BA /* UnityEngine.dll in Resources */,
				1392775116881AD7005B80BA /* PlayerConnectionConfigFile in Resources */,
				1392775316881AD7005B80BA /* sharedassets0.assets in Resources */,
				1392775516881AD7005B80BA /* unity default resources in Resources */,
				1392775716881AD7005B80BA /* Default-568h@2x.png in Resources */,
				1392775916881AD7005B80BA /* Default-Landscape.png in Resources */,
				1392775B16881AD7005B80BA /* Default-Landscape@2x.png in Resources */,
				1392775D16881AD7005B80BA /* Default-Portrait.png in Resources */,
				1392775F16881AD7005B80BA /* Default-Portrait@2x.png in Resources */,
				1392776116881AD7005B80BA /* Default.png in Resources */,
				1392776316881AD7005B80BA /* Default@2x.png in Resources */,
				1392776516881AD7005B80BA /* Icon-144.png in Resources */,
				1392776716881AD7005B80BA /* Icon-72.png in Resources */,
				1392776916881AD7005B80BA /* Icon.png in Resources */,
				1392776B16881AD7005B80BA /* Icon@2x.png in Resources */,
				1392776D16881AD7005B80BA /* Info.plist in Resources */,
				139277821688C8D3005B80BA /* BaseViewController.xib in Resources */,
			);
			runOnlyForDeploymentPostprocessing = 0;
		};
		13FFEE691653694C001D94AB /* Resources */ = {
			isa = PBXResourcesBuildPhase;
			buildActionMask = 2147483647;
			files = (
				13FFEE781653694C001D94AB /* InfoPlist.strings in Resources */,
				139EA0F5166C6961001A29F0 /* SampleTitleViewController.xib in Resources */,
				13D3C4A81685D50700E1118B /* UnityConnector-Info.plist in Resources */,
				139A520F1685FA1100A4A48E /* SamplePinViewControler.xib in Resources */,
				1392773E16881AD6005B80BA /* MainWindow.xib in Resources */,
				1392774816881AD6005B80BA /* mainData in Resources */,
				1392774A16881AD7005B80BA /* Assembly-CSharp.dll in Resources */,
				1392774C16881AD7005B80BA /* machine.config in Resources */,
				1392774E16881AD7005B80BA /* mscorlib.dll in Resources */,
				1392775016881AD7005B80BA /* UnityEngine.dll in Resources */,
				1392775216881AD7005B80BA /* PlayerConnectionConfigFile in Resources */,
				1392775416881AD7005B80BA /* sharedassets0.assets in Resources */,
				1392775616881AD7005B80BA /* unity default resources in Resources */,
				1392775816881AD7005B80BA /* Default-568h@2x.png in Resources */,
				1392775A16881AD7005B80BA /* Default-Landscape.png in Resources */,
				1392775C16881AD7005B80BA /* Default-Landscape@2x.png in Resources */,
				1392775E16881AD7005B80BA /* Default-Portrait.png in Resources */,
				1392776016881AD7005B80BA /* Default-Portrait@2x.png in Resources */,
				1392776216881AD7005B80BA /* Default.png in Resources */,
				1392776416881AD7005B80BA /* Default@2x.png in Resources */,
				1392776616881AD7005B80BA /* Icon-144.png in Resources */,
				1392776816881AD7005B80BA /* Icon-72.png in Resources */,
				1392776A16881AD7005B80BA /* Icon.png in Resources */,
				1392776C16881AD7005B80BA /* Icon@2x.png in Resources */,
				1392776E16881AD7005B80BA /* Info.plist in Resources */,
				139277831688C8D3005B80BA /* BaseViewController.xib in Resources */,
			);
			runOnlyForDeploymentPostprocessing = 0;
		};
/* End PBXResourcesBuildPhase section */

/* Begin PBXShellScriptBuildPhase section */
		135C10F0166CBF6700ACD988 /* ShellScript */ = {
			isa = PBXShellScriptBuildPhase;
			buildActionMask = 2147483647;
			files = (
			);
			inputPaths = (
			);
			outputPaths = (
			);
			runOnlyForDeploymentPostprocessing = 0;
			shellPath = /bin/sh;
			shellScript = "rm -rf \"$TARGET_BUILD_DIR/$PRODUCT_NAME.app/Data\"\ncp -Rf \"$PROJECT_DIR/iOSUnityApp/Data\" \"$TARGET_BUILD_DIR/$PRODUCT_NAME.app/Data\"\nif [ \"$PLATFORM_NAME\" == \"iphonesimulator\" ]\nthen cp -f \"$PROJECT_DIR/iOSUnityApp\"/*.png \"$TARGET_BUILD_DIR/$PRODUCT_NAME.app/\"\n                          fi";
		};
		13FFEE6A1653694C001D94AB /* ShellScript */ = {
			isa = PBXShellScriptBuildPhase;
			buildActionMask = 2147483647;
			files = (
			);
			inputPaths = (
			);
			outputPaths = (
			);
			runOnlyForDeploymentPostprocessing = 0;
			shellPath = /bin/sh;
			shellScript = "# Run the unit tests in this test bundle.\n\"${SYSTEM_DEVELOPER_DIR}/Tools/RunUnitTests\"\n";
		};
/* End PBXShellScriptBuildPhase section */

/* Begin PBXSourcesBuildPhase section */
		13FFEE471653694C001D94AB /* Sources */ = {
			isa = PBXSourcesBuildPhase;
			buildActionMask = 2147483647;
			files = (
				13FFEE5C1653694C001D94AB /* main.m in Sources */,
				13FFEE601653694C001D94AB /* AppDelegate.m in Sources */,
				139EA0E8166C6928001A29F0 /* KSUnityBooter.mm in Sources */,
				139EA0F2166C6961001A29F0 /* SampleTitleViewController.m in Sources */,
				139EA21E166C91AC001A29F0 /* MessengerIDGenerator.m in Sources */,
				139EA220166C91AC001A29F0 /* MessengerSystem.m in Sources */,
				139A520C1685FA1100A4A48E /* SamplePinViewControler.m in Sources */,
				1392772D16881AD6005B80BA /* AppController.mm in Sources */,
				1392772F16881AD6005B80BA /* iPhone_GlesSupport.cpp in Sources */,
				1392773116881AD6005B80BA /* iPhone_OrientationSupport.mm in Sources */,
				1392773316881AD6005B80BA /* iPhone_Profiler.cpp in Sources */,
				1392773516881AD6005B80BA /* iPhone_Sensors.mm in Sources */,
				1392773716881AD6005B80BA /* iPhone_target2AppDelegate.m in Sources */,
				1392773916881AD6005B80BA /* iPhone_View.mm in Sources */,
				1392773F16881AD6005B80BA /* RegisterClasses.cpp in Sources */,
				1392774116881AD6005B80BA /* ActivityIndicator.mm in Sources */,
				1392774316881AD6005B80BA /* SplashScreen.mm in Sources */,
				1392774516881AD6005B80BA /* VideoViewController.mm in Sources */,
				1392776F16881AD7005B80BA /* Assembly-CSharp.dll.s in Sources */,
				1392777316881AD7005B80BA /* mscorlib.dll.s in Sources */,
				1392777516881AD7005B80BA /* RegisterMonoModules.cpp in Sources */,
				1392777716881AD7005B80BA /* UnityEngine.dll.s in Sources */,
				139277801688C8D3005B80BA /* BaseViewController.m in Sources */,
			);
			runOnlyForDeploymentPostprocessing = 0;
		};
		13FFEE671653694C001D94AB /* Sources */ = {
			isa = PBXSourcesBuildPhase;
			buildActionMask = 2147483647;
			files = (
				13FFEE7B1653694C001D94AB /* UnityConnectorTests.m in Sources */,
				139EA0E9166C6928001A29F0 /* KSUnityBooter.mm in Sources */,
				139EA0F3166C6961001A29F0 /* SampleTitleViewController.m in Sources */,
				139EA21F166C91AC001A29F0 /* MessengerIDGenerator.m in Sources */,
				139EA221166C91AC001A29F0 /* MessengerSystem.m in Sources */,
				139A520D1685FA1100A4A48E /* SamplePinViewControler.m in Sources */,
				1392772E16881AD6005B80BA /* AppController.mm in Sources */,
				1392773016881AD6005B80BA /* iPhone_GlesSupport.cpp in Sources */,
				1392773216881AD6005B80BA /* iPhone_OrientationSupport.mm in Sources */,
				1392773416881AD6005B80BA /* iPhone_Profiler.cpp in Sources */,
				1392773616881AD6005B80BA /* iPhone_Sensors.mm in Sources */,
				1392773816881AD6005B80BA /* iPhone_target2AppDelegate.m in Sources */,
				1392773A16881AD6005B80BA /* iPhone_View.mm in Sources */,
				1392774016881AD6005B80BA /* RegisterClasses.cpp in Sources */,
				1392774216881AD6005B80BA /* ActivityIndicator.mm in Sources */,
				1392774416881AD6005B80BA /* SplashScreen.mm in Sources */,
				1392774616881AD6005B80BA /* VideoViewController.mm in Sources */,
				1392777016881AD7005B80BA /* Assembly-CSharp.dll.s in Sources */,
				1392777416881AD7005B80BA /* mscorlib.dll.s in Sources */,
				1392777616881AD7005B80BA /* RegisterMonoModules.cpp in Sources */,
				1392777816881AD7005B80BA /* UnityEngine.dll.s in Sources */,
				139277811688C8D3005B80BA /* BaseViewController.m in Sources */,
			);
			runOnlyForDeploymentPostprocessing = 0;
		};
/* End PBXSourcesBuildPhase section */

/* Begin PBXTargetDependency section */
		13FFEE721653694C001D94AB /* PBXTargetDependency */ = {
			isa = PBXTargetDependency;
			target = 13FFEE4A1653694C001D94AB /* UnityConnector */;
			targetProxy = 13FFEE711653694C001D94AB /* PBXContainerItemProxy */;
		};
/* End PBXTargetDependency section */

/* Begin PBXVariantGroup section */
		13FFEE581653694C001D94AB /* InfoPlist.strings */ = {
			isa = PBXVariantGroup;
			children = (
				13FFEE591653694C001D94AB /* en */,
			);
			name = InfoPlist.strings;
			sourceTree = "<group>";
		};
		13FFEE761653694C001D94AB /* InfoPlist.strings */ = {
			isa = PBXVariantGroup;
			children = (
				13FFEE771653694C001D94AB /* en */,
			);
			name = InfoPlist.strings;
			sourceTree = "<group>";
		};
/* End PBXVariantGroup section */

/* Begin XCBuildConfiguration section */
		13FFEE7C1653694C001D94AB /* Debug */ = {
			isa = XCBuildConfiguration;
			buildSettings = {
				ALWAYS_SEARCH_USER_PATHS = NO;
				CLANG_CXX_LANGUAGE_STANDARD = "gnu++0x";
				CLANG_CXX_LIBRARY = "libc++";
				CLANG_WARN_EMPTY_BODY = YES;
				CLANG_WARN__DUPLICATE_METHOD_MATCH = YES;
				"CODE_SIGN_IDENTITY[sdk=iphoneos*]" = "iPhone Developer";
				COPY_PHASE_STRIP = NO;
				GCC_C_LANGUAGE_STANDARD = gnu99;
				GCC_DYNAMIC_NO_PIC = NO;
				GCC_OPTIMIZATION_LEVEL = 0;
				GCC_PREPROCESSOR_DEFINITIONS = (
					"DEBUG=1",
					"$(inherited)",
				);
				GCC_SYMBOLS_PRIVATE_EXTERN = NO;
				GCC_WARN_ABOUT_RETURN_TYPE = YES;
				GCC_WARN_UNINITIALIZED_AUTOS = YES;
				GCC_WARN_UNUSED_VARIABLE = YES;
				IPHONEOS_DEPLOYMENT_TARGET = 6.0;
				ONLY_ACTIVE_ARCH = YES;
				SDKROOT = iphoneos;
				TARGETED_DEVICE_FAMILY = "1,2";
			};
			name = Debug;
		};
		13FFEE7D1653694C001D94AB /* Release */ = {
			isa = XCBuildConfiguration;
			buildSettings = {
				ALWAYS_SEARCH_USER_PATHS = NO;
				CLANG_CXX_LANGUAGE_STANDARD = "gnu++0x";
				CLANG_CXX_LIBRARY = "libc++";
				CLANG_WARN_EMPTY_BODY = YES;
				CLANG_WARN__DUPLICATE_METHOD_MATCH = YES;
				"CODE_SIGN_IDENTITY[sdk=iphoneos*]" = "iPhone Developer";
				COPY_PHASE_STRIP = YES;
				GCC_C_LANGUAGE_STANDARD = gnu99;
				GCC_WARN_ABOUT_RETURN_TYPE = YES;
				GCC_WARN_UNINITIALIZED_AUTOS = YES;
				GCC_WARN_UNUSED_VARIABLE = YES;
				IPHONEOS_DEPLOYMENT_TARGET = 6.0;
				OTHER_CFLAGS = "-DNS_BLOCK_ASSERTIONS=1";
				SDKROOT = iphoneos;
				TARGETED_DEVICE_FAMILY = "1,2";
				VALIDATE_PRODUCT = YES;
			};
			name = Release;
		};
		13FFEE7F1653694C001D94AB /* Debug */ = {
			isa = XCBuildConfiguration;
			buildSettings = {
				CLANG_CXX_LIBRARY = "compiler-default";
				DEBUG_INFORMATION_FORMAT = dwarf;
				GCC_PRECOMPILE_PREFIX_HEADER = YES;
				GCC_PREFIX_HEADER = "UnityConnector/UnityConnector-Prefix.pch";
				INFOPLIST_FILE = "UnityConnector/UnityConnector-Info.plist";
				LIBRARY_SEARCH_PATHS = (
					"$(inherited)",
					"\"$(SRCROOT)/iOSUnityApp/Libraries\"",
				);
				ONLY_ACTIVE_ARCH = NO;
				OTHER_CFLAGS = "-DTARGET_IPHONE_SIMULATOR=1";
				PRODUCT_NAME = "$(TARGET_NAME)";
				VALID_ARCHS = armv7;
				WRAPPER_EXTENSION = app;
			};
			name = Debug;
		};
		13FFEE801653694C001D94AB /* Release */ = {
			isa = XCBuildConfiguration;
			buildSettings = {
				CLANG_CXX_LIBRARY = "compiler-default";
				DEBUG_INFORMATION_FORMAT = dwarf;
				GCC_PRECOMPILE_PREFIX_HEADER = YES;
				GCC_PREFIX_HEADER = "UnityConnector/UnityConnector-Prefix.pch";
				INFOPLIST_FILE = "UnityConnector/UnityConnector-Info.plist";
				LIBRARY_SEARCH_PATHS = (
					"$(inherited)",
					"\"$(SRCROOT)/iOSUnityApp/Libraries\"",
				);
				ONLY_ACTIVE_ARCH = NO;
				PRODUCT_NAME = "$(TARGET_NAME)";
				VALID_ARCHS = armv7;
				WRAPPER_EXTENSION = app;
			};
			name = Release;
		};
		13FFEE821653694C001D94AB /* Debug */ = {
			isa = XCBuildConfiguration;
			buildSettings = {
				BUNDLE_LOADER = "$(BUILT_PRODUCTS_DIR)/UnityConnector.app/UnityConnector";
				FRAMEWORK_SEARCH_PATHS = (
					"\"$(SDKROOT)/Developer/Library/Frameworks\"",
					"\"$(DEVELOPER_LIBRARY_DIR)/Frameworks\"",
				);
				GCC_PRECOMPILE_PREFIX_HEADER = YES;
				GCC_PREFIX_HEADER = "UnityConnector/UnityConnector-Prefix.pch";
				INFOPLIST_FILE = "UnityConnectorTests/UnityConnectorTests-Info.plist";
				LIBRARY_SEARCH_PATHS = (
					"$(inherited)",
					"\"$(SRCROOT)/iOSUnityApp/Libraries\"",
				);
				PRODUCT_NAME = "$(TARGET_NAME)";
				TEST_HOST = "$(BUNDLE_LOADER)";
				WRAPPER_EXTENSION = octest;
			};
			name = Debug;
		};
		13FFEE831653694C001D94AB /* Release */ = {
			isa = XCBuildConfiguration;
			buildSettings = {
				BUNDLE_LOADER = "$(BUILT_PRODUCTS_DIR)/UnityConnector.app/UnityConnector";
				FRAMEWORK_SEARCH_PATHS = (
					"\"$(SDKROOT)/Developer/Library/Frameworks\"",
					"\"$(DEVELOPER_LIBRARY_DIR)/Frameworks\"",
				);
				GCC_PRECOMPILE_PREFIX_HEADER = YES;
				GCC_PREFIX_HEADER = "UnityConnector/UnityConnector-Prefix.pch";
				INFOPLIST_FILE = "UnityConnectorTests/UnityConnectorTests-Info.plist";
				LIBRARY_SEARCH_PATHS = (
					"$(inherited)",
					"\"$(SRCROOT)/iOSUnityApp/Libraries\"",
				);
				PRODUCT_NAME = "$(TARGET_NAME)";
				TEST_HOST = "$(BUNDLE_LOADER)";
				WRAPPER_EXTENSION = octest;
			};
			name = Release;
		};
/* End XCBuildConfiguration section */

/* Begin XCConfigurationList section */
		13FFEE451653694C001D94AB /* Build configuration list for PBXProject "UnityConnector" */ = {
			isa = XCConfigurationList;
			buildConfigurations = (
				13FFEE7C1653694C001D94AB /* Debug */,
				13FFEE7D1653694C001D94AB /* Release */,
			);
			defaultConfigurationIsVisible = 0;
			defaultConfigurationName = Release;
		};
		13FFEE7E1653694C001D94AB /* Build configuration list for PBXNativeTarget "UnityConnector" */ = {
			isa = XCConfigurationList;
			buildConfigurations = (
				13FFEE7F1653694C001D94AB /* Debug */,
				13FFEE801653694C001D94AB /* Release */,
			);
			defaultConfigurationIsVisible = 0;
			defaultConfigurationName = Release;
		};
		13FFEE811653694C001D94AB /* Build configuration list for PBXNativeTarget "UnityConnectorTests" */ = {
			isa = XCConfigurationList;
			buildConfigurations = (
				13FFEE821653694C001D94AB /* Debug */,
				13FFEE831653694C001D94AB /* Release */,
			);
			defaultConfigurationIsVisible = 0;
			defaultConfigurationName = Release;
		};
/* End XCConfigurationList section */
	};
	rootObject = 13FFEE421653694C001D94AB /* Project object */;
}
